
Microsoft Visual Studio Solution File, Format Version 12.00
# Visual Studio Version 17
VisualStudioVersion = 17.0.31903.59
MinimumVisualStudioVersion = 10.0.40219.1
Project("{FAE04EC0-301F-11D3-BF4B-00C04F79EFBC}") = "ServerQuerier", "ServerQuerier\ServerQuerier.csproj", "{C804FD61-A990-4363-82D2-C7C6CCD024DE}"
EndProject
Project("{FAE04EC0-301F-11D3-BF4B-00C04F79EFBC}") = "UserInterface", "UserInterface\UserInterface.csproj", "{2E2061FA-630C-479C-BA4C-7D1A1CDDA80C}"
EndProject
Project("{FAE04EC0-301F-11D3-BF4B-00C04F79EFBC}") = "WireguardManipulator", "WireguardManipulator\WireguardManipulator.csproj", "{D621D4B3-6967-466E-93CB-75D29557D4DB}"
EndProject
Global
	GlobalSection(SolutionConfigurationPlatforms) = preSolution
		Debug|Any CPU = Debug|Any CPU
		Release|Any CPU = Release|Any CPU
	EndGlobalSection
	GlobalSection(SolutionProperties) = preSolution
		HideSolutionNode = FALSE
	EndGlobalSection
	GlobalSection(ProjectConfigurationPlatforms) = postSolution
		{C804FD61-A990-4363-82D2-C7C6CCD024DE}.Debug|Any CPU.ActiveCfg = Debug|Any CPU
		{C804FD61-A990-4363-82D2-C7C6CCD024DE}.Debug|Any CPU.Build.0 = Debug|Any CPU
		{C804FD61-A990-4363-82D2-C7C6CCD024DE}.Release|Any CPU.ActiveCfg = Release|Any CPU
		{C804FD61-A990-4363-82D2-C7C6CCD024DE}.Release|Any CPU.Build.0 = Release|Any CPU
		{2E2061FA-630C-479C-BA4C-7D1A1CDDA80C}.Debug|Any CPU.ActiveCfg = Debug|Any CPU
		{2E2061FA-630C-479C-BA4C-7D1A1CDDA80C}.Debug|Any CPU.Build.0 = Debug|Any CPU
		{2E2061FA-630C-479C-BA4C-7D1A1CDDA80C}.Release|Any CPU.ActiveCfg = Release|Any CPU
		{2E2061FA-630C-479C-BA4C-7D1A1CDDA80C}.Release|Any CPU.Build.0 = Release|Any CPU
		{D621D4B3-6967-466E-93CB-75D29557D4DB}.Debug|Any CPU.ActiveCfg = Debug|Any CPU
		{D621D4B3-6967-466E-93CB-75D29557D4DB}.Debug|Any CPU.Build.0 = Debug|Any CPU
		{D621D4B3-6967-466E-93CB-75D29557D4DB}.Release|Any CPU.ActiveCfg = Release|Any CPU
		{D621D4B3-6967-466E-93CB-75D29557D4DB}.Release|Any CPU.Build.0 = Release|Any CPU
	EndGlobalSection
EndGlobal
