
Microsoft Visual Studio Solution File, Format Version 12.00
# Visual Studio Version 17
VisualStudioVersion = 17.0.31903.59
MinimumVisualStudioVersion = 10.0.40219.1
Project("{9A19103F-16F7-4668-BE54-9A1E7A4F7556}") = "ApiQuerier", "ApiQuerier\ApiQuerier.csproj", "{C804FD61-A990-4363-82D2-C7C6CCD024DE}"
EndProject
Project("{9A19103F-16F7-4668-BE54-9A1E7A4F7556}") = "UserInterface", "UserInterface\UserInterface.csproj", "{2E2061FA-630C-479C-BA4C-7D1A1CDDA80C}"
EndProject
Project("{9A19103F-16F7-4668-BE54-9A1E7A4F7556}") = "WireguardManipulator", "WireguardManipulator\WireguardManipulator.csproj", "{D621D4B3-6967-466E-93CB-75D29557D4DB}"
EndProject
Project("{9A19103F-16F7-4668-BE54-9A1E7A4F7556}") = "ApiModels", "ApiModels\ApiModels.csproj", "{B3966DFD-7642-4CAA-A61D-5255BA47D4AE}"
EndProject
Project("{9A19103F-16F7-4668-BE54-9A1E7A4F7556}") = "FilesHelper", "FilesHelper\FilesHelper.csproj", "{F4E74772-82A9-48BC-93D3-393035FCDB07}"
EndProject
Project("{9A19103F-16F7-4668-BE54-9A1E7A4F7556}") = "CryptoHelper", "CryptoHelper\CryptoHelper.csproj", "{232B54D7-5FFD-4F2E-80FA-5F164082421E}"
EndProject
Project("{9A19103F-16F7-4668-BE54-9A1E7A4F7556}") = "Tests", "Tests\Tests.csproj", "{15AB198E-A6ED-42CA-A7C0-05303490DED7}"
EndProject
Project("{9A19103F-16F7-4668-BE54-9A1E7A4F7556}") = "Benchmarks", "Benchmarks\Benchmarks.csproj", "{E06CBE89-A8BE-48E2-A634-CD8E765AEF7B}"
EndProject
Project("{2150E333-8FDC-42A3-9474-1A3956D46DE8}") = "Solution Items", "Solution Items", "{96D05A21-B2C9-4DCC-948F-4AD571336218}"
	ProjectSection(SolutionItems) = preProject
		nginx-selfsigned.crt = nginx-selfsigned.crt
	EndProjectSection
EndProject
Global
	GlobalSection(SolutionConfigurationPlatforms) = preSolution
		Debug|Any CPU = Debug|Any CPU
		Release|Any CPU = Release|Any CPU
	EndGlobalSection
	GlobalSection(ProjectConfigurationPlatforms) = postSolution
		{C804FD61-A990-4363-82D2-C7C6CCD024DE}.Debug|Any CPU.ActiveCfg = Debug|Any CPU
		{C804FD61-A990-4363-82D2-C7C6CCD024DE}.Debug|Any CPU.Build.0 = Debug|Any CPU
		{C804FD61-A990-4363-82D2-C7C6CCD024DE}.Release|Any CPU.ActiveCfg = Release|Any CPU
		{C804FD61-A990-4363-82D2-C7C6CCD024DE}.Release|Any CPU.Build.0 = Release|Any CPU
		{2E2061FA-630C-479C-BA4C-7D1A1CDDA80C}.Debug|Any CPU.ActiveCfg = Debug|Any CPU
		{2E2061FA-630C-479C-BA4C-7D1A1CDDA80C}.Debug|Any CPU.Build.0 = Debug|Any CPU
		{2E2061FA-630C-479C-BA4C-7D1A1CDDA80C}.Release|Any CPU.ActiveCfg = Release|Any CPU
		{2E2061FA-630C-479C-BA4C-7D1A1CDDA80C}.Release|Any CPU.Build.0 = Release|Any CPU
		{D621D4B3-6967-466E-93CB-75D29557D4DB}.Debug|Any CPU.ActiveCfg = Debug|Any CPU
		{D621D4B3-6967-466E-93CB-75D29557D4DB}.Debug|Any CPU.Build.0 = Debug|Any CPU
		{D621D4B3-6967-466E-93CB-75D29557D4DB}.Release|Any CPU.ActiveCfg = Release|Any CPU
		{D621D4B3-6967-466E-93CB-75D29557D4DB}.Release|Any CPU.Build.0 = Release|Any CPU
		{B3966DFD-7642-4CAA-A61D-5255BA47D4AE}.Debug|Any CPU.ActiveCfg = Debug|Any CPU
		{B3966DFD-7642-4CAA-A61D-5255BA47D4AE}.Debug|Any CPU.Build.0 = Debug|Any CPU
		{B3966DFD-7642-4CAA-A61D-5255BA47D4AE}.Release|Any CPU.ActiveCfg = Release|Any CPU
		{B3966DFD-7642-4CAA-A61D-5255BA47D4AE}.Release|Any CPU.Build.0 = Release|Any CPU
		{F4E74772-82A9-48BC-93D3-393035FCDB07}.Debug|Any CPU.ActiveCfg = Debug|Any CPU
		{F4E74772-82A9-48BC-93D3-393035FCDB07}.Debug|Any CPU.Build.0 = Debug|Any CPU
		{F4E74772-82A9-48BC-93D3-393035FCDB07}.Release|Any CPU.ActiveCfg = Release|Any CPU
		{F4E74772-82A9-48BC-93D3-393035FCDB07}.Release|Any CPU.Build.0 = Release|Any CPU
		{232B54D7-5FFD-4F2E-80FA-5F164082421E}.Debug|Any CPU.ActiveCfg = Debug|Any CPU
		{232B54D7-5FFD-4F2E-80FA-5F164082421E}.Debug|Any CPU.Build.0 = Debug|Any CPU
		{232B54D7-5FFD-4F2E-80FA-5F164082421E}.Release|Any CPU.ActiveCfg = Release|Any CPU
		{232B54D7-5FFD-4F2E-80FA-5F164082421E}.Release|Any CPU.Build.0 = Release|Any CPU
		{15AB198E-A6ED-42CA-A7C0-05303490DED7}.Debug|Any CPU.ActiveCfg = Debug|Any CPU
		{15AB198E-A6ED-42CA-A7C0-05303490DED7}.Debug|Any CPU.Build.0 = Debug|Any CPU
		{15AB198E-A6ED-42CA-A7C0-05303490DED7}.Release|Any CPU.ActiveCfg = Release|Any CPU
		{15AB198E-A6ED-42CA-A7C0-05303490DED7}.Release|Any CPU.Build.0 = Release|Any CPU
		{E06CBE89-A8BE-48E2-A634-CD8E765AEF7B}.Debug|Any CPU.ActiveCfg = Debug|Any CPU
		{E06CBE89-A8BE-48E2-A634-CD8E765AEF7B}.Debug|Any CPU.Build.0 = Debug|Any CPU
		{E06CBE89-A8BE-48E2-A634-CD8E765AEF7B}.Release|Any CPU.ActiveCfg = Release|Any CPU
		{E06CBE89-A8BE-48E2-A634-CD8E765AEF7B}.Release|Any CPU.Build.0 = Release|Any CPU
	EndGlobalSection
	GlobalSection(SolutionProperties) = preSolution
		HideSolutionNode = FALSE
	EndGlobalSection
	GlobalSection(ExtensibilityGlobals) = postSolution
		SolutionGuid = {68AC2973-9891-4336-94CC-75BA3E115320}
	EndGlobalSection
EndGlobal
